// !$*UTF8*$!
{
	archiveVersion = 1;
	classes = {
	};
	objectVersion = 55;
	objects = {

/* Begin PBXBuildFile section */
		301A112E27E4E53200E4CCFC /* VerificationViewController.swift in Sources */ = {isa = PBXBuildFile; fileRef = 301A112D27E4E53200E4CCFC /* VerificationViewController.swift */; };
		3022961F281504F400A32078 /* EmailViewModel.swift in Sources */ = {isa = PBXBuildFile; fileRef = 3022961E281504F400A32078 /* EmailViewModel.swift */; };
		306945C02803EE2100C1AA63 /* 온글잎 안될과학약체.ttf in Resources */ = {isa = PBXBuildFile; fileRef = 306945BE2803EE2100C1AA63 /* 온글잎 안될과학약체.ttf */; };
		306945C12803EE2100C1AA63 /* 온글잎 안될과학유니랩장체.ttf in Resources */ = {isa = PBXBuildFile; fileRef = 306945BF2803EE2100C1AA63 /* 온글잎 안될과학유니랩장체.ttf */; };
		306945C32805A17F00C1AA63 /* neodgm_code.ttf in Resources */ = {isa = PBXBuildFile; fileRef = 306945C22805A17E00C1AA63 /* neodgm_code.ttf */; };
		306945C528066A9900C1AA63 /* CertificationViewController.swift in Sources */ = {isa = PBXBuildFile; fileRef = 306945C428066A9900C1AA63 /* CertificationViewController.swift */; };
		30700FE327E1CC36006736E5 /* FirstViewController.swift in Sources */ = {isa = PBXBuildFile; fileRef = 30700FE227E1CC36006736E5 /* FirstViewController.swift */; };
		30700FE627E1D321006736E5 /* UILabel.swift in Sources */ = {isa = PBXBuildFile; fileRef = 30700FE527E1D321006736E5 /* UILabel.swift */; };
		30B5473927E1A53200F26AA0 /* AppDelegate.swift in Sources */ = {isa = PBXBuildFile; fileRef = 30B5473827E1A53200F26AA0 /* AppDelegate.swift */; };
		30B5473B27E1A53200F26AA0 /* SceneDelegate.swift in Sources */ = {isa = PBXBuildFile; fileRef = 30B5473A27E1A53200F26AA0 /* SceneDelegate.swift */; };
		30B5473D27E1A53200F26AA0 /* ViewController.swift in Sources */ = {isa = PBXBuildFile; fileRef = 30B5473C27E1A53200F26AA0 /* ViewController.swift */; };
		30B5474027E1A53200F26AA0 /* Main.storyboard in Resources */ = {isa = PBXBuildFile; fileRef = 30B5473E27E1A53200F26AA0 /* Main.storyboard */; };
		30B5474227E1A53400F26AA0 /* Assets.xcassets in Resources */ = {isa = PBXBuildFile; fileRef = 30B5474127E1A53400F26AA0 /* Assets.xcassets */; };
		30B5474527E1A53400F26AA0 /* LaunchScreen.storyboard in Resources */ = {isa = PBXBuildFile; fileRef = 30B5474327E1A53400F26AA0 /* LaunchScreen.storyboard */; };
		30C462E927FBE5A3002F8323 /* Structs.swift in Sources */ = {isa = PBXBuildFile; fileRef = 30C462E827FBE5A3002F8323 /* Structs.swift */; };
		30C4633027FD7FB6002F8323 /* SubmitViewController.swift in Sources */ = {isa = PBXBuildFile; fileRef = 30C4632F27FD7FB6002F8323 /* SubmitViewController.swift */; };
		30C4633227FD8776002F8323 /* UsefulFuncs.swift in Sources */ = {isa = PBXBuildFile; fileRef = 30C4633127FD8776002F8323 /* UsefulFuncs.swift */; };
		30C4633427FD9434002F8323 /* myButton.swift in Sources */ = {isa = PBXBuildFile; fileRef = 30C4633327FD9433002F8323 /* myButton.swift */; };
		30C4633A27FDAB92002F8323 /* myButton.swift in Sources */ = {isa = PBXBuildFile; fileRef = 30C4633927FDAB92002F8323 /* myButton.swift */; };
		30DC50E427EE1A24004363DA /* tway_air.ttf in Resources */ = {isa = PBXBuildFile; fileRef = 30DC50E227EE1A24004363DA /* tway_air.ttf */; };
		30DC50E527EE1A24004363DA /* tway_sky.ttf in Resources */ = {isa = PBXBuildFile; fileRef = 30DC50E327EE1A24004363DA /* tway_sky.ttf */; };
		30F45E5627EB0D6F009E157F /* reusableBtnView.swift in Sources */ = {isa = PBXBuildFile; fileRef = 30F45E5527EB0D6F009E157F /* reusableBtnView.swift */; };
		30F45E5B27EB1AE7009E157F /* reusableCollectionViewCell.swift in Sources */ = {isa = PBXBuildFile; fileRef = 30F45E5A27EB1AE7009E157F /* reusableCollectionViewCell.swift */; };
		30FAF9A827F9C66B00ED8EB5 /* BottomCollectionViewCell.swift in Sources */ = {isa = PBXBuildFile; fileRef = 30FAF9A727F9C66B00ED8EB5 /* BottomCollectionViewCell.swift */; };
		601FA6D18DDD8F4AC7A99F9D /* Pods_dicSWUnary.framework in Frameworks */ = {isa = PBXBuildFile; fileRef = 0B821B0A17265786E843CEEB /* Pods_dicSWUnary.framework */; };
		E17870A527E1C5A700A93524 /* MissionViewController.swift in Sources */ = {isa = PBXBuildFile; fileRef = E17870A427E1C5A700A93524 /* MissionViewController.swift */; };
		E189CC6827F75374007ED67A /* ActivityCell.swift in Sources */ = {isa = PBXBuildFile; fileRef = E189CC6727F75374007ED67A /* ActivityCell.swift */; };
		E18C92AD27FD6B0F00147CAA /* CoreDataManager.swift in Sources */ = {isa = PBXBuildFile; fileRef = E18C92AC27FD6B0F00147CAA /* CoreDataManager.swift */; };
		E18C92BA27FD855800147CAA /* Quests.xcdatamodeld in Sources */ = {isa = PBXBuildFile; fileRef = E18C92B827FD855800147CAA /* Quests.xcdatamodeld */; };
		E18C92BD27FD860B00147CAA /* Quests+CoreDataClass.swift in Sources */ = {isa = PBXBuildFile; fileRef = E18C92BB27FD860B00147CAA /* Quests+CoreDataClass.swift */; };
		E18C92BE27FD860B00147CAA /* Quests+CoreDataProperties.swift in Sources */ = {isa = PBXBuildFile; fileRef = E18C92BC27FD860B00147CAA /* Quests+CoreDataProperties.swift */; };
		E19BFB8327FB43980085F69E /* GoogleService-Info.plist in Resources */ = {isa = PBXBuildFile; fileRef = E19BFB8227FB43980085F69E /* GoogleService-Info.plist */; };
		E1DBF76528224BD0003B5612 /* Verified+CoreDataProperties.swift in Sources */ = {isa = PBXBuildFile; fileRef = E1DBF76328224BD0003B5612 /* Verified+CoreDataProperties.swift */; };
		E1DBF76628224BD0003B5612 /* Verified+CoreDataClass.swift in Sources */ = {isa = PBXBuildFile; fileRef = E1DBF76428224BD0003B5612 /* Verified+CoreDataClass.swift */; };
/* End PBXBuildFile section */

/* Begin PBXFileReference section */
		01964AD4BEA1BE73AF014813 /* Pods-dicSWUnary.release.xcconfig */ = {isa = PBXFileReference; includeInIndex = 1; lastKnownFileType = text.xcconfig; name = "Pods-dicSWUnary.release.xcconfig"; path = "Target Support Files/Pods-dicSWUnary/Pods-dicSWUnary.release.xcconfig"; sourceTree = "<group>"; };
		0B821B0A17265786E843CEEB /* Pods_dicSWUnary.framework */ = {isa = PBXFileReference; explicitFileType = wrapper.framework; includeInIndex = 0; path = Pods_dicSWUnary.framework; sourceTree = BUILT_PRODUCTS_DIR; };
		301A112D27E4E53200E4CCFC /* VerificationViewController.swift */ = {isa = PBXFileReference; lastKnownFileType = sourcecode.swift; path = VerificationViewController.swift; sourceTree = "<group>"; };
		3022961E281504F400A32078 /* EmailViewModel.swift */ = {isa = PBXFileReference; lastKnownFileType = sourcecode.swift; path = EmailViewModel.swift; sourceTree = "<group>"; };
		306945BE2803EE2100C1AA63 /* 온글잎 안될과학약체.ttf */ = {isa = PBXFileReference; lastKnownFileType = file; name = "온글잎 안될과학약체.ttf"; path = "Fonts/온글잎 안될과학약체.ttf"; sourceTree = SOURCE_ROOT; };
		306945BF2803EE2100C1AA63 /* 온글잎 안될과학유니랩장체.ttf */ = {isa = PBXFileReference; lastKnownFileType = file; name = "온글잎 안될과학유니랩장체.ttf"; path = "Fonts/온글잎 안될과학유니랩장체.ttf"; sourceTree = SOURCE_ROOT; };
		306945C22805A17E00C1AA63 /* neodgm_code.ttf */ = {isa = PBXFileReference; lastKnownFileType = file; name = neodgm_code.ttf; path = Fonts/neodgm_code.ttf; sourceTree = SOURCE_ROOT; };
		306945C428066A9900C1AA63 /* CertificationViewController.swift */ = {isa = PBXFileReference; lastKnownFileType = sourcecode.swift; path = CertificationViewController.swift; sourceTree = "<group>"; };
		30700FE227E1CC36006736E5 /* FirstViewController.swift */ = {isa = PBXFileReference; lastKnownFileType = sourcecode.swift; path = FirstViewController.swift; sourceTree = "<group>"; };
		30700FE527E1D321006736E5 /* UILabel.swift */ = {isa = PBXFileReference; lastKnownFileType = sourcecode.swift; path = UILabel.swift; sourceTree = "<group>"; };
		3093FD8F2818D43200063F88 /* dicSWUnary.entitlements */ = {isa = PBXFileReference; lastKnownFileType = text.plist.entitlements; path = dicSWUnary.entitlements; sourceTree = "<group>"; };
		30B5473527E1A53200F26AA0 /* dicSWUnary.app */ = {isa = PBXFileReference; explicitFileType = wrapper.application; includeInIndex = 0; path = dicSWUnary.app; sourceTree = BUILT_PRODUCTS_DIR; };
		30B5473827E1A53200F26AA0 /* AppDelegate.swift */ = {isa = PBXFileReference; lastKnownFileType = sourcecode.swift; path = AppDelegate.swift; sourceTree = "<group>"; };
		30B5473A27E1A53200F26AA0 /* SceneDelegate.swift */ = {isa = PBXFileReference; lastKnownFileType = sourcecode.swift; path = SceneDelegate.swift; sourceTree = "<group>"; };
		30B5473C27E1A53200F26AA0 /* ViewController.swift */ = {isa = PBXFileReference; lastKnownFileType = sourcecode.swift; path = ViewController.swift; sourceTree = "<group>"; };
		30B5473F27E1A53200F26AA0 /* Base */ = {isa = PBXFileReference; lastKnownFileType = file.storyboard; name = Base; path = Base.lproj/Main.storyboard; sourceTree = "<group>"; };
		30B5474127E1A53400F26AA0 /* Assets.xcassets */ = {isa = PBXFileReference; lastKnownFileType = folder.assetcatalog; path = Assets.xcassets; sourceTree = "<group>"; };
		30B5474427E1A53400F26AA0 /* Base */ = {isa = PBXFileReference; lastKnownFileType = file.storyboard; name = Base; path = Base.lproj/LaunchScreen.storyboard; sourceTree = "<group>"; };
		30B5474627E1A53500F26AA0 /* Info.plist */ = {isa = PBXFileReference; lastKnownFileType = text.plist.xml; path = Info.plist; sourceTree = "<group>"; };
		30C462E827FBE5A3002F8323 /* Structs.swift */ = {isa = PBXFileReference; lastKnownFileType = sourcecode.swift; path = Structs.swift; sourceTree = "<group>"; };
		30C4632F27FD7FB6002F8323 /* SubmitViewController.swift */ = {isa = PBXFileReference; lastKnownFileType = sourcecode.swift; path = SubmitViewController.swift; sourceTree = "<group>"; };
		30C4633127FD8776002F8323 /* UsefulFuncs.swift */ = {isa = PBXFileReference; lastKnownFileType = sourcecode.swift; path = UsefulFuncs.swift; sourceTree = "<group>"; };
		30C4633327FD9433002F8323 /* myButton.swift */ = {isa = PBXFileReference; fileEncoding = 4; lastKnownFileType = sourcecode.swift; path = myButton.swift; sourceTree = "<group>"; };
		30C4633927FDAB92002F8323 /* myButton.swift */ = {isa = PBXFileReference; fileEncoding = 4; lastKnownFileType = sourcecode.swift; path = myButton.swift; sourceTree = SOURCE_ROOT; };
		30DC50E227EE1A24004363DA /* tway_air.ttf */ = {isa = PBXFileReference; lastKnownFileType = file; name = tway_air.ttf; path = Fonts/tway_air.ttf; sourceTree = SOURCE_ROOT; };
		30DC50E327EE1A24004363DA /* tway_sky.ttf */ = {isa = PBXFileReference; lastKnownFileType = file; name = tway_sky.ttf; path = Fonts/tway_sky.ttf; sourceTree = SOURCE_ROOT; };
		30F45E5527EB0D6F009E157F /* reusableBtnView.swift */ = {isa = PBXFileReference; lastKnownFileType = sourcecode.swift; path = reusableBtnView.swift; sourceTree = "<group>"; };
		30F45E5A27EB1AE7009E157F /* reusableCollectionViewCell.swift */ = {isa = PBXFileReference; lastKnownFileType = sourcecode.swift; path = reusableCollectionViewCell.swift; sourceTree = "<group>"; };
		30FAF9A727F9C66B00ED8EB5 /* BottomCollectionViewCell.swift */ = {isa = PBXFileReference; lastKnownFileType = sourcecode.swift; path = BottomCollectionViewCell.swift; sourceTree = "<group>"; };
		7541B45201AFE9D5EDFB130D /* Pods-dicSWUnary.debug.xcconfig */ = {isa = PBXFileReference; includeInIndex = 1; lastKnownFileType = text.xcconfig; name = "Pods-dicSWUnary.debug.xcconfig"; path = "Target Support Files/Pods-dicSWUnary/Pods-dicSWUnary.debug.xcconfig"; sourceTree = "<group>"; };
		E17870A427E1C5A700A93524 /* MissionViewController.swift */ = {isa = PBXFileReference; lastKnownFileType = sourcecode.swift; path = MissionViewController.swift; sourceTree = "<group>"; };
		E189CC6727F75374007ED67A /* ActivityCell.swift */ = {isa = PBXFileReference; lastKnownFileType = sourcecode.swift; path = ActivityCell.swift; sourceTree = "<group>"; };
		E18C92AC27FD6B0F00147CAA /* CoreDataManager.swift */ = {isa = PBXFileReference; lastKnownFileType = sourcecode.swift; path = CoreDataManager.swift; sourceTree = "<group>"; };
		E18C92B927FD855800147CAA /* Quests.xcdatamodel */ = {isa = PBXFileReference; lastKnownFileType = wrapper.xcdatamodel; path = Quests.xcdatamodel; sourceTree = "<group>"; };
		E18C92BB27FD860B00147CAA /* Quests+CoreDataClass.swift */ = {isa = PBXFileReference; lastKnownFileType = sourcecode.swift; path = "Quests+CoreDataClass.swift"; sourceTree = "<group>"; };
		E18C92BC27FD860B00147CAA /* Quests+CoreDataProperties.swift */ = {isa = PBXFileReference; lastKnownFileType = sourcecode.swift; path = "Quests+CoreDataProperties.swift"; sourceTree = "<group>"; };
		E19BFB8227FB43980085F69E /* GoogleService-Info.plist */ = {isa = PBXFileReference; fileEncoding = 4; lastKnownFileType = text.plist.xml; path = "GoogleService-Info.plist"; sourceTree = "<group>"; };
		E1DBF76328224BD0003B5612 /* Verified+CoreDataProperties.swift */ = {isa = PBXFileReference; lastKnownFileType = sourcecode.swift; name = "Verified+CoreDataProperties.swift"; path = "/Users/igyubin/dicSWUnary/dicSWUnary/dicSWUnary/Verified+CoreDataProperties.swift"; sourceTree = "<absolute>"; };
		E1DBF76428224BD0003B5612 /* Verified+CoreDataClass.swift */ = {isa = PBXFileReference; lastKnownFileType = sourcecode.swift; name = "Verified+CoreDataClass.swift"; path = "/Users/igyubin/dicSWUnary/dicSWUnary/dicSWUnary/Verified+CoreDataClass.swift"; sourceTree = "<absolute>"; };
/* End PBXFileReference section */

/* Begin PBXFrameworksBuildPhase section */
		30B5473227E1A53200F26AA0 /* Frameworks */ = {
			isa = PBXFrameworksBuildPhase;
			buildActionMask = 2147483647;
			files = (
				601FA6D18DDD8F4AC7A99F9D /* Pods_dicSWUnary.framework in Frameworks */,
			);
			runOnlyForDeploymentPostprocessing = 0;
		};
/* End PBXFrameworksBuildPhase section */

/* Begin PBXGroup section */
		30700FE427E1D303006736E5 /* help */ = {
			isa = PBXGroup;
			children = (
				30700FE527E1D321006736E5 /* UILabel.swift */,
				30C4633927FDAB92002F8323 /* myButton.swift */,
				30C462E827FBE5A3002F8323 /* Structs.swift */,
				30C4633127FD8776002F8323 /* UsefulFuncs.swift */,
				3022961E281504F400A32078 /* EmailViewModel.swift */,
			);
			path = help;
			sourceTree = "<group>";
		};
		30B5472C27E1A53200F26AA0 = {
			isa = PBXGroup;
			children = (
				30B5473727E1A53200F26AA0 /* dicSWUnary */,
				30B5473627E1A53200F26AA0 /* Products */,
				40E1E7018FB42CC1310AF7F9 /* Pods */,
				4B7D75A50F0D17FE61AA6FB9 /* Frameworks */,
				30C4633627FDAA05002F8323 /* Recovered References */,
			);
			sourceTree = "<group>";
		};
		30B5473627E1A53200F26AA0 /* Products */ = {
			isa = PBXGroup;
			children = (
				30B5473527E1A53200F26AA0 /* dicSWUnary.app */,
			);
			name = Products;
			sourceTree = "<group>";
		};
		30B5473727E1A53200F26AA0 /* dicSWUnary */ = {
			isa = PBXGroup;
			children = (
				3093FD8F2818D43200063F88 /* dicSWUnary.entitlements */,
				E19BFB8227FB43980085F69E /* GoogleService-Info.plist */,
				30DC50E127EE19DE004363DA /* fonts */,
				30F45E5727EB0D85009E157F /* reusable */,
				30700FE427E1D303006736E5 /* help */,
				30B5473827E1A53200F26AA0 /* AppDelegate.swift */,
				30B5473A27E1A53200F26AA0 /* SceneDelegate.swift */,
				30700FE227E1CC36006736E5 /* FirstViewController.swift */,
				30B5473C27E1A53200F26AA0 /* ViewController.swift */,
				E189CC6727F75374007ED67A /* ActivityCell.swift */,
				E17870A427E1C5A700A93524 /* MissionViewController.swift */,
				306945C428066A9900C1AA63 /* CertificationViewController.swift */,
				E18C92AC27FD6B0F00147CAA /* CoreDataManager.swift */,
				301A112D27E4E53200E4CCFC /* VerificationViewController.swift */,
				30C4632F27FD7FB6002F8323 /* SubmitViewController.swift */,
				30B5473E27E1A53200F26AA0 /* Main.storyboard */,
				30B5474127E1A53400F26AA0 /* Assets.xcassets */,
				30B5474327E1A53400F26AA0 /* LaunchScreen.storyboard */,
				30B5474627E1A53500F26AA0 /* Info.plist */,
				E18C92BB27FD860B00147CAA /* Quests+CoreDataClass.swift */,
				E18C92BC27FD860B00147CAA /* Quests+CoreDataProperties.swift */,
				E1DBF76428224BD0003B5612 /* Verified+CoreDataClass.swift */,
				E1DBF76328224BD0003B5612 /* Verified+CoreDataProperties.swift */,
				E18C92B827FD855800147CAA /* Quests.xcdatamodeld */,
			);
			path = dicSWUnary;
			sourceTree = "<group>";
		};
		30C4633627FDAA05002F8323 /* Recovered References */ = {
			isa = PBXGroup;
			children = (
				30C4633327FD9433002F8323 /* myButton.swift */,
			);
			name = "Recovered References";
			sourceTree = "<group>";
		};
		30DC50E127EE19DE004363DA /* fonts */ = {
			isa = PBXGroup;
			children = (
				306945C22805A17E00C1AA63 /* neodgm_code.ttf */,
				306945BE2803EE2100C1AA63 /* 온글잎 안될과학약체.ttf */,
				306945BF2803EE2100C1AA63 /* 온글잎 안될과학유니랩장체.ttf */,
				30DC50E227EE1A24004363DA /* tway_air.ttf */,
				30DC50E327EE1A24004363DA /* tway_sky.ttf */,
			);
			path = fonts;
			sourceTree = "<group>";
		};
		30F45E5727EB0D85009E157F /* reusable */ = {
			isa = PBXGroup;
			children = (
				30F45E5527EB0D6F009E157F /* reusableBtnView.swift */,
				30F45E5A27EB1AE7009E157F /* reusableCollectionViewCell.swift */,
				30FAF9A727F9C66B00ED8EB5 /* BottomCollectionViewCell.swift */,
			);
			path = reusable;
			sourceTree = "<group>";
		};
		40E1E7018FB42CC1310AF7F9 /* Pods */ = {
			isa = PBXGroup;
			children = (
				7541B45201AFE9D5EDFB130D /* Pods-dicSWUnary.debug.xcconfig */,
				01964AD4BEA1BE73AF014813 /* Pods-dicSWUnary.release.xcconfig */,
			);
			path = Pods;
			sourceTree = "<group>";
		};
		4B7D75A50F0D17FE61AA6FB9 /* Frameworks */ = {
			isa = PBXGroup;
			children = (
				0B821B0A17265786E843CEEB /* Pods_dicSWUnary.framework */,
			);
			name = Frameworks;
			sourceTree = "<group>";
		};
/* End PBXGroup section */

/* Begin PBXNativeTarget section */
		30B5473427E1A53200F26AA0 /* dicSWUnary */ = {
			isa = PBXNativeTarget;
			buildConfigurationList = 30B5474927E1A53500F26AA0 /* Build configuration list for PBXNativeTarget "dicSWUnary" */;
			buildPhases = (
				59429708ECA8BC4FAC387C41 /* [CP] Check Pods Manifest.lock */,
				30B5473127E1A53200F26AA0 /* Sources */,
				30B5473227E1A53200F26AA0 /* Frameworks */,
				30B5473327E1A53200F26AA0 /* Resources */,
				AFFF08772EDDCB341A511F67 /* [CP] Embed Pods Frameworks */,
			);
			buildRules = (
			);
			dependencies = (
			);
			name = dicSWUnary;
			packageProductDependencies = (
			);
			productName = dicSWUnary;
			productReference = 30B5473527E1A53200F26AA0 /* dicSWUnary.app */;
			productType = "com.apple.product-type.application";
		};
/* End PBXNativeTarget section */

/* Begin PBXProject section */
		30B5472D27E1A53200F26AA0 /* Project object */ = {
			isa = PBXProject;
			attributes = {
				BuildIndependentTargetsInParallel = 1;
				LastSwiftUpdateCheck = 1320;
				LastUpgradeCheck = 1320;
				TargetAttributes = {
					30B5473427E1A53200F26AA0 = {
						CreatedOnToolsVersion = 13.2.1;
					};
				};
			};
			buildConfigurationList = 30B5473027E1A53200F26AA0 /* Build configuration list for PBXProject "dicSWUnary" */;
			compatibilityVersion = "Xcode 13.0";
			developmentRegion = en;
			hasScannedForEncodings = 0;
			knownRegions = (
				en,
				Base,
			);
			mainGroup = 30B5472C27E1A53200F26AA0;
			packageReferences = (
			);
			productRefGroup = 30B5473627E1A53200F26AA0 /* Products */;
			projectDirPath = "";
			projectRoot = "";
			targets = (
				30B5473427E1A53200F26AA0 /* dicSWUnary */,
			);
		};
/* End PBXProject section */

/* Begin PBXResourcesBuildPhase section */
		30B5473327E1A53200F26AA0 /* Resources */ = {
			isa = PBXResourcesBuildPhase;
			buildActionMask = 2147483647;
			files = (
				30DC50E427EE1A24004363DA /* tway_air.ttf in Resources */,
				30B5474527E1A53400F26AA0 /* LaunchScreen.storyboard in Resources */,
				30B5474227E1A53400F26AA0 /* Assets.xcassets in Resources */,
				30DC50E527EE1A24004363DA /* tway_sky.ttf in Resources */,
				30B5474027E1A53200F26AA0 /* Main.storyboard in Resources */,
				306945C12803EE2100C1AA63 /* 온글잎 안될과학유니랩장체.ttf in Resources */,
				306945C32805A17F00C1AA63 /* neodgm_code.ttf in Resources */,
				306945C02803EE2100C1AA63 /* 온글잎 안될과학약체.ttf in Resources */,
				E19BFB8327FB43980085F69E /* GoogleService-Info.plist in Resources */,
			);
			runOnlyForDeploymentPostprocessing = 0;
		};
/* End PBXResourcesBuildPhase section */

/* Begin PBXShellScriptBuildPhase section */
		59429708ECA8BC4FAC387C41 /* [CP] Check Pods Manifest.lock */ = {
			isa = PBXShellScriptBuildPhase;
			buildActionMask = 2147483647;
			files = (
			);
			inputFileListPaths = (
			);
			inputPaths = (
				"${PODS_PODFILE_DIR_PATH}/Podfile.lock",
				"${PODS_ROOT}/Manifest.lock",
			);
			name = "[CP] Check Pods Manifest.lock";
			outputFileListPaths = (
			);
			outputPaths = (
				"$(DERIVED_FILE_DIR)/Pods-dicSWUnary-checkManifestLockResult.txt",
			);
			runOnlyForDeploymentPostprocessing = 0;
			shellPath = /bin/sh;
			shellScript = "diff \"${PODS_PODFILE_DIR_PATH}/Podfile.lock\" \"${PODS_ROOT}/Manifest.lock\" > /dev/null\nif [ $? != 0 ] ; then\n    # print error to STDERR\n    echo \"error: The sandbox is not in sync with the Podfile.lock. Run 'pod install' or update your CocoaPods installation.\" >&2\n    exit 1\nfi\n# This output is used by Xcode 'outputs' to avoid re-running this script phase.\necho \"SUCCESS\" > \"${SCRIPT_OUTPUT_FILE_0}\"\n";
			showEnvVarsInLog = 0;
		};
		AFFF08772EDDCB341A511F67 /* [CP] Embed Pods Frameworks */ = {
			isa = PBXShellScriptBuildPhase;
			buildActionMask = 2147483647;
			files = (
			);
			inputFileListPaths = (
				"${PODS_ROOT}/Target Support Files/Pods-dicSWUnary/Pods-dicSWUnary-frameworks-${CONFIGURATION}-input-files.xcfilelist",
			);
			name = "[CP] Embed Pods Frameworks";
			outputFileListPaths = (
				"${PODS_ROOT}/Target Support Files/Pods-dicSWUnary/Pods-dicSWUnary-frameworks-${CONFIGURATION}-output-files.xcfilelist",
			);
			runOnlyForDeploymentPostprocessing = 0;
			shellPath = /bin/sh;
			shellScript = "\"${PODS_ROOT}/Target Support Files/Pods-dicSWUnary/Pods-dicSWUnary-frameworks.sh\"\n";
			showEnvVarsInLog = 0;
		};
/* End PBXShellScriptBuildPhase section */

/* Begin PBXSourcesBuildPhase section */
		30B5473127E1A53200F26AA0 /* Sources */ = {
			isa = PBXSourcesBuildPhase;
			buildActionMask = 2147483647;
			files = (
				30B5473D27E1A53200F26AA0 /* ViewController.swift in Sources */,
				30C4633027FD7FB6002F8323 /* SubmitViewController.swift in Sources */,
				30B5473927E1A53200F26AA0 /* AppDelegate.swift in Sources */,
				E18C92BE27FD860B00147CAA /* Quests+CoreDataProperties.swift in Sources */,
				30F45E5627EB0D6F009E157F /* reusableBtnView.swift in Sources */,
				306945C528066A9900C1AA63 /* CertificationViewController.swift in Sources */,
				E18C92AD27FD6B0F00147CAA /* CoreDataManager.swift in Sources */,
				30B5473B27E1A53200F26AA0 /* SceneDelegate.swift in Sources */,
				E189CC6827F75374007ED67A /* ActivityCell.swift in Sources */,
				3022961F281504F400A32078 /* EmailViewModel.swift in Sources */,
				30700FE327E1CC36006736E5 /* FirstViewController.swift in Sources */,
				E18C92BA27FD855800147CAA /* Quests.xcdatamodeld in Sources */,
				30700FE627E1D321006736E5 /* UILabel.swift in Sources */,
				301A112E27E4E53200E4CCFC /* VerificationViewController.swift in Sources */,
				30C462E927FBE5A3002F8323 /* Structs.swift in Sources */,
				E17870A527E1C5A700A93524 /* MissionViewController.swift in Sources */,
				E1DBF76528224BD0003B5612 /* Verified+CoreDataProperties.swift in Sources */,
				E1DBF76628224BD0003B5612 /* Verified+CoreDataClass.swift in Sources */,
				30FAF9A827F9C66B00ED8EB5 /* BottomCollectionViewCell.swift in Sources */,
				30C4633A27FDAB92002F8323 /* myButton.swift in Sources */,
				30C4633427FD9434002F8323 /* myButton.swift in Sources */,
				E18C92BD27FD860B00147CAA /* Quests+CoreDataClass.swift in Sources */,
				30F45E5B27EB1AE7009E157F /* reusableCollectionViewCell.swift in Sources */,
				30C4633227FD8776002F8323 /* UsefulFuncs.swift in Sources */,
			);
			runOnlyForDeploymentPostprocessing = 0;
		};
/* End PBXSourcesBuildPhase section */

/* Begin PBXVariantGroup section */
		30B5473E27E1A53200F26AA0 /* Main.storyboard */ = {
			isa = PBXVariantGroup;
			children = (
				30B5473F27E1A53200F26AA0 /* Base */,
			);
			name = Main.storyboard;
			sourceTree = "<group>";
		};
		30B5474327E1A53400F26AA0 /* LaunchScreen.storyboard */ = {
			isa = PBXVariantGroup;
			children = (
				30B5474427E1A53400F26AA0 /* Base */,
			);
			name = LaunchScreen.storyboard;
			sourceTree = "<group>";
		};
/* End PBXVariantGroup section */

/* Begin XCBuildConfiguration section */
		30B5474727E1A53500F26AA0 /* Debug */ = {
			isa = XCBuildConfiguration;
			buildSettings = {
				ALWAYS_SEARCH_USER_PATHS = NO;
				CLANG_ANALYZER_NONNULL = YES;
				CLANG_ANALYZER_NUMBER_OBJECT_CONVERSION = YES_AGGRESSIVE;
				CLANG_CXX_LANGUAGE_STANDARD = "gnu++17";
				CLANG_CXX_LIBRARY = "libc++";
				CLANG_ENABLE_MODULES = YES;
				CLANG_ENABLE_OBJC_ARC = YES;
				CLANG_ENABLE_OBJC_WEAK = YES;
				CLANG_WARN_BLOCK_CAPTURE_AUTORELEASING = YES;
				CLANG_WARN_BOOL_CONVERSION = YES;
				CLANG_WARN_COMMA = YES;
				CLANG_WARN_CONSTANT_CONVERSION = YES;
				CLANG_WARN_DEPRECATED_OBJC_IMPLEMENTATIONS = YES;
				CLANG_WARN_DIRECT_OBJC_ISA_USAGE = YES_ERROR;
				CLANG_WARN_DOCUMENTATION_COMMENTS = YES;
				CLANG_WARN_EMPTY_BODY = YES;
				CLANG_WARN_ENUM_CONVERSION = YES;
				CLANG_WARN_INFINITE_RECURSION = YES;
				CLANG_WARN_INT_CONVERSION = YES;
				CLANG_WARN_NON_LITERAL_NULL_CONVERSION = YES;
				CLANG_WARN_OBJC_IMPLICIT_RETAIN_SELF = YES;
				CLANG_WARN_OBJC_LITERAL_CONVERSION = YES;
				CLANG_WARN_OBJC_ROOT_CLASS = YES_ERROR;
				CLANG_WARN_QUOTED_INCLUDE_IN_FRAMEWORK_HEADER = YES;
				CLANG_WARN_RANGE_LOOP_ANALYSIS = YES;
				CLANG_WARN_STRICT_PROTOTYPES = YES;
				CLANG_WARN_SUSPICIOUS_MOVE = YES;
				CLANG_WARN_UNGUARDED_AVAILABILITY = YES_AGGRESSIVE;
				CLANG_WARN_UNREACHABLE_CODE = YES;
				CLANG_WARN__DUPLICATE_METHOD_MATCH = YES;
				COPY_PHASE_STRIP = NO;
				DEBUG_INFORMATION_FORMAT = dwarf;
				DEVELOPMENT_TEAM = PD739GKFH2;
				ENABLE_STRICT_OBJC_MSGSEND = YES;
				ENABLE_TESTABILITY = YES;
				GCC_C_LANGUAGE_STANDARD = gnu11;
				GCC_DYNAMIC_NO_PIC = NO;
				GCC_NO_COMMON_BLOCKS = YES;
				GCC_OPTIMIZATION_LEVEL = 0;
				GCC_PREPROCESSOR_DEFINITIONS = (
					"DEBUG=1",
					"$(inherited)",
				);
				GCC_WARN_64_TO_32_BIT_CONVERSION = YES;
				GCC_WARN_ABOUT_RETURN_TYPE = YES_ERROR;
				GCC_WARN_UNDECLARED_SELECTOR = YES;
				GCC_WARN_UNINITIALIZED_AUTOS = YES_AGGRESSIVE;
				GCC_WARN_UNUSED_FUNCTION = YES;
				GCC_WARN_UNUSED_VARIABLE = YES;
				IPHONEOS_DEPLOYMENT_TARGET = 15.2;
				MTL_ENABLE_DEBUG_INFO = INCLUDE_SOURCE;
				MTL_FAST_MATH = YES;
				ONLY_ACTIVE_ARCH = YES;
				SDKROOT = iphoneos;
				SWIFT_ACTIVE_COMPILATION_CONDITIONS = DEBUG;
				SWIFT_OPTIMIZATION_LEVEL = "-Onone";
			};
			name = Debug;
		};
		30B5474827E1A53500F26AA0 /* Release */ = {
			isa = XCBuildConfiguration;
			buildSettings = {
				ALWAYS_SEARCH_USER_PATHS = NO;
				CLANG_ANALYZER_NONNULL = YES;
				CLANG_ANALYZER_NUMBER_OBJECT_CONVERSION = YES_AGGRESSIVE;
				CLANG_CXX_LANGUAGE_STANDARD = "gnu++17";
				CLANG_CXX_LIBRARY = "libc++";
				CLANG_ENABLE_MODULES = YES;
				CLANG_ENABLE_OBJC_ARC = YES;
				CLANG_ENABLE_OBJC_WEAK = YES;
				CLANG_WARN_BLOCK_CAPTURE_AUTORELEASING = YES;
				CLANG_WARN_BOOL_CONVERSION = YES;
				CLANG_WARN_COMMA = YES;
				CLANG_WARN_CONSTANT_CONVERSION = YES;
				CLANG_WARN_DEPRECATED_OBJC_IMPLEMENTATIONS = YES;
				CLANG_WARN_DIRECT_OBJC_ISA_USAGE = YES_ERROR;
				CLANG_WARN_DOCUMENTATION_COMMENTS = YES;
				CLANG_WARN_EMPTY_BODY = YES;
				CLANG_WARN_ENUM_CONVERSION = YES;
				CLANG_WARN_INFINITE_RECURSION = YES;
				CLANG_WARN_INT_CONVERSION = YES;
				CLANG_WARN_NON_LITERAL_NULL_CONVERSION = YES;
				CLANG_WARN_OBJC_IMPLICIT_RETAIN_SELF = YES;
				CLANG_WARN_OBJC_LITERAL_CONVERSION = YES;
				CLANG_WARN_OBJC_ROOT_CLASS = YES_ERROR;
				CLANG_WARN_QUOTED_INCLUDE_IN_FRAMEWORK_HEADER = YES;
				CLANG_WARN_RANGE_LOOP_ANALYSIS = YES;
				CLANG_WARN_STRICT_PROTOTYPES = YES;
				CLANG_WARN_SUSPICIOUS_MOVE = YES;
				CLANG_WARN_UNGUARDED_AVAILABILITY = YES_AGGRESSIVE;
				CLANG_WARN_UNREACHABLE_CODE = YES;
				CLANG_WARN__DUPLICATE_METHOD_MATCH = YES;
				COPY_PHASE_STRIP = NO;
				DEBUG_INFORMATION_FORMAT = "dwarf-with-dsym";
				DEVELOPMENT_TEAM = PD739GKFH2;
				ENABLE_NS_ASSERTIONS = NO;
				ENABLE_STRICT_OBJC_MSGSEND = YES;
				GCC_C_LANGUAGE_STANDARD = gnu11;
				GCC_NO_COMMON_BLOCKS = YES;
				GCC_WARN_64_TO_32_BIT_CONVERSION = YES;
				GCC_WARN_ABOUT_RETURN_TYPE = YES_ERROR;
				GCC_WARN_UNDECLARED_SELECTOR = YES;
				GCC_WARN_UNINITIALIZED_AUTOS = YES_AGGRESSIVE;
				GCC_WARN_UNUSED_FUNCTION = YES;
				GCC_WARN_UNUSED_VARIABLE = YES;
				IPHONEOS_DEPLOYMENT_TARGET = 15.2;
				MTL_ENABLE_DEBUG_INFO = NO;
				MTL_FAST_MATH = YES;
				ONLY_ACTIVE_ARCH = YES;
				SDKROOT = iphoneos;
				SWIFT_COMPILATION_MODE = wholemodule;
				SWIFT_OPTIMIZATION_LEVEL = "-O";
				VALIDATE_PRODUCT = YES;
			};
			name = Release;
		};
		30B5474A27E1A53500F26AA0 /* Debug */ = {
			isa = XCBuildConfiguration;
			baseConfigurationReference = 7541B45201AFE9D5EDFB130D /* Pods-dicSWUnary.debug.xcconfig */;
			buildSettings = {
				ASSETCATALOG_COMPILER_APPICON_NAME = AppIcon;
				ASSETCATALOG_COMPILER_GLOBAL_ACCENT_COLOR_NAME = AccentColor;
				CODE_SIGN_ENTITLEMENTS = dicSWUnary/dicSWUnary.entitlements;
				CODE_SIGN_IDENTITY = "Apple Development";
				CODE_SIGN_STYLE = Automatic;
				CURRENT_PROJECT_VERSION = 1;
				DEVELOPMENT_TEAM = PD739GKFH2;
				GENERATE_INFOPLIST_FILE = YES;
				INFOPLIST_FILE = dicSWUnary/Info.plist;
				INFOPLIST_KEY_NSCameraUsageDescription = "\"알쓸SWU잡\"이(가) 카메라 접근하려고 합니다.";
				INFOPLIST_KEY_UIApplicationSupportsIndirectInputEvents = YES;
				INFOPLIST_KEY_UILaunchStoryboardName = LaunchScreen;
				INFOPLIST_KEY_UIMainStoryboardFile = Main;
				INFOPLIST_KEY_UISupportedInterfaceOrientations_iPad = "UIInterfaceOrientationPortrait UIInterfaceOrientationPortraitUpsideDown UIInterfaceOrientationLandscapeLeft UIInterfaceOrientationLandscapeRight";
				INFOPLIST_KEY_UISupportedInterfaceOrientations_iPhone = "UIInterfaceOrientationPortrait UIInterfaceOrientationLandscapeLeft UIInterfaceOrientationLandscapeRight";
				LD_RUNPATH_SEARCH_PATHS = (
					"$(inherited)",
					"@executable_path/Frameworks",
				);
				MARKETING_VERSION = 1.0;
				PRODUCT_BUNDLE_IDENTIFIER = dicSWUnary.dicSWUnary;
				PRODUCT_NAME = "$(TARGET_NAME)";
				PROVISIONING_PROFILE_SPECIFIER = "";
				SWIFT_EMIT_LOC_STRINGS = YES;
				SWIFT_VERSION = 5.0;
				TARGETED_DEVICE_FAMILY = "1,2";
			};
			name = Debug;
		};
		30B5474B27E1A53500F26AA0 /* Release */ = {
			isa = XCBuildConfiguration;
			baseConfigurationReference = 01964AD4BEA1BE73AF014813 /* Pods-dicSWUnary.release.xcconfig */;
			buildSettings = {
				ASSETCATALOG_COMPILER_APPICON_NAME = AppIcon;
				ASSETCATALOG_COMPILER_GLOBAL_ACCENT_COLOR_NAME = AccentColor;
				CODE_SIGN_ENTITLEMENTS = dicSWUnary/dicSWUnary.entitlements;
				CODE_SIGN_IDENTITY = "Apple Development";
				CODE_SIGN_STYLE = Automatic;
				CURRENT_PROJECT_VERSION = 1;
				DEVELOPMENT_TEAM = PD739GKFH2;
				GENERATE_INFOPLIST_FILE = YES;
				INFOPLIST_FILE = dicSWUnary/Info.plist;
				INFOPLIST_KEY_NSCameraUsageDescription = "\"알쓸SWU잡\"이(가) 카메라 접근하려고 합니다.";
				INFOPLIST_KEY_UIApplicationSupportsIndirectInputEvents = YES;
				INFOPLIST_KEY_UILaunchStoryboardName = LaunchScreen;
				INFOPLIST_KEY_UIMainStoryboardFile = Main;
				INFOPLIST_KEY_UISupportedInterfaceOrientations_iPad = "UIInterfaceOrientationPortrait UIInterfaceOrientationPortraitUpsideDown UIInterfaceOrientationLandscapeLeft UIInterfaceOrientationLandscapeRight";
				INFOPLIST_KEY_UISupportedInterfaceOrientations_iPhone = "UIInterfaceOrientationPortrait UIInterfaceOrientationLandscapeLeft UIInterfaceOrientationLandscapeRight";
				LD_RUNPATH_SEARCH_PATHS = (
					"$(inherited)",
					"@executable_path/Frameworks",
				);
				MARKETING_VERSION = 1.0;
				PRODUCT_BUNDLE_IDENTIFIER = dicSWUnary.dicSWUnary;
				PRODUCT_NAME = "$(TARGET_NAME)";
				PROVISIONING_PROFILE_SPECIFIER = "";
				SWIFT_EMIT_LOC_STRINGS = YES;
				SWIFT_VERSION = 5.0;
				TARGETED_DEVICE_FAMILY = "1,2";
			};
			name = Release;
		};
/* End XCBuildConfiguration section */

/* Begin XCConfigurationList section */
		30B5473027E1A53200F26AA0 /* Build configuration list for PBXProject "dicSWUnary" */ = {
			isa = XCConfigurationList;
			buildConfigurations = (
				30B5474727E1A53500F26AA0 /* Debug */,
				30B5474827E1A53500F26AA0 /* Release */,
			);
			defaultConfigurationIsVisible = 0;
			defaultConfigurationName = Debug;
		};
		30B5474927E1A53500F26AA0 /* Build configuration list for PBXNativeTarget "dicSWUnary" */ = {
			isa = XCConfigurationList;
			buildConfigurations = (
				30B5474A27E1A53500F26AA0 /* Debug */,
				30B5474B27E1A53500F26AA0 /* Release */,
			);
			defaultConfigurationIsVisible = 0;
			defaultConfigurationName = Debug;
		};
/* End XCConfigurationList section */

/* Begin XCVersionGroup section */
		E18C92B827FD855800147CAA /* Quests.xcdatamodeld */ = {
			isa = XCVersionGroup;
			children = (
				E18C92B927FD855800147CAA /* Quests.xcdatamodel */,
			);
			currentVersion = E18C92B927FD855800147CAA /* Quests.xcdatamodel */;
			path = Quests.xcdatamodeld;
			sourceTree = "<group>";
			versionGroupType = wrapper.xcdatamodel;
		};
/* End XCVersionGroup section */
	};
	rootObject = 30B5472D27E1A53200F26AA0 /* Project object */;
}
